{
  "name": "@random-tables/biome",
  "version": "1.0.1",
  "lockfileVersion": 2,
  "requires": true,
  "packages": {
    "": {
      "name": "@random-tables/biome",
      "version": "1.0.1",
      "license": "MIT",
      "dependencies": {
        "@random-tables/utility-nature": "^1.2.1"
      }
    },
    "node_modules/@random-tables/utility-nature": {
      "version": "1.2.1",
      "resolved": "https://registry.npmjs.org/@random-tables/utility-nature/-/utility-nature-1.2.1.tgz",
      "integrity": "sha512-kMhf3wU8eMiLkL2tOE7NmiVte31XLxiaVRNdORIXoryCNKPsE02ENwH9MObM+l1IRKJ8sN4vnTBa4+tsUZwTeA=="
    }
  },
  "dependencies": {
    "@random-tables/utility-nature": {
      "version": "1.2.1",
      "resolved": "https://registry.npmjs.org/@random-tables/utility-nature/-/utility-nature-1.2.1.tgz",
      "integrity": "sha512-kMhf3wU8eMiLkL2tOE7NmiVte31XLxiaVRNdORIXoryCNKPsE02ENwH9MObM+l1IRKJ8sN4vnTBa4+tsUZwTeA=="
    }
  }
}
